
Microsoft Visual Studio Solution File, Format Version 12.00
# Visual Studio Version 17
VisualStudioVersion = 17.10.35027.167
MinimumVisualStudioVersion = 10.0.40219.1
Project("{FAE04EC0-301F-11D3-BF4B-00C04F79EFBC}") = "MauiAppGuiaCurso", "MauiAppGuiaCurso\MauiAppGuiaCurso.csproj", "{AA12A7B4-3F52-4106-82D5-23ECD8D4C157}"
EndProject
Global
	GlobalSection(SolutionConfigurationPlatforms) = preSolution
		Debug|Any CPU = Debug|Any CPU
		Release|Any CPU = Release|Any CPU
	EndGlobalSection
	GlobalSection(ProjectConfigurationPlatforms) = postSolution
		{AA12A7B4-3F52-4106-82D5-23ECD8D4C157}.Debug|Any CPU.ActiveCfg = Debug|Any CPU
		{AA12A7B4-3F52-4106-82D5-23ECD8D4C157}.Debug|Any CPU.Build.0 = Debug|Any CPU
		{AA12A7B4-3F52-4106-82D5-23ECD8D4C157}.Debug|Any CPU.Deploy.0 = Debug|Any CPU
		{AA12A7B4-3F52-4106-82D5-23ECD8D4C157}.Release|Any CPU.ActiveCfg = Release|Any CPU
		{AA12A7B4-3F52-4106-82D5-23ECD8D4C157}.Release|Any CPU.Build.0 = Release|Any CPU
		{AA12A7B4-3F52-4106-82D5-23ECD8D4C157}.Release|Any CPU.Deploy.0 = Release|Any CPU
	EndGlobalSection
	GlobalSection(SolutionProperties) = preSolution
		HideSolutionNode = FALSE
	EndGlobalSection
	GlobalSection(ExtensibilityGlobals) = postSolution
		SolutionGuid = {E4803E07-2F1C-453D-9CC9-417B866C01C5}
	EndGlobalSection
EndGlobal
